
Microsoft Visual Studio Solution File, Format Version 10.00
# Visual Studio 2008
Project("{FAE04EC0-301F-11D3-BF4B-00C04F79EFBC}") = "Censo_DotNet_3_5", "Censo_DotNet_3_5\Censo_DotNet_3_5.csproj", "{2ACD01EF-63DE-444D-97BA-E43D8C26120C}"
EndProject
Global
	GlobalSection(SolutionConfigurationPlatforms) = preSolution
		Debug|Any CPU = Debug|Any CPU
		Debug|x64 = Debug|x64
		Release|Any CPU = Release|Any CPU
		Release|x64 = Release|x64
	EndGlobalSection
	GlobalSection(ProjectConfigurationPlatforms) = postSolution
		{2ACD01EF-63DE-444D-97BA-E43D8C26120C}.Debug|Any CPU.ActiveCfg = Debug|Any CPU
		{2ACD01EF-63DE-444D-97BA-E43D8C26120C}.Debug|Any CPU.Build.0 = Debug|Any CPU
		{2ACD01EF-63DE-444D-97BA-E43D8C26120C}.Debug|x64.ActiveCfg = Debug|x64
		{2ACD01EF-63DE-444D-97BA-E43D8C26120C}.Debug|x64.Build.0 = Debug|x64
		{2ACD01EF-63DE-444D-97BA-E43D8C26120C}.Release|Any CPU.ActiveCfg = Release|Any CPU
		{2ACD01EF-63DE-444D-97BA-E43D8C26120C}.Release|Any CPU.Build.0 = Release|Any CPU
		{2ACD01EF-63DE-444D-97BA-E43D8C26120C}.Release|x64.ActiveCfg = Release|x64
		{2ACD01EF-63DE-444D-97BA-E43D8C26120C}.Release|x64.Build.0 = Release|x64
	EndGlobalSection
	GlobalSection(SolutionProperties) = preSolution
		HideSolutionNode = FALSE
	EndGlobalSection
EndGlobal
